
Microsoft Visual Studio Solution File, Format Version 12.00
# Visual Studio Version 17
VisualStudioVersion = 17.8.34511.84
MinimumVisualStudioVersion = 10.0.40219.1
Project("{9A19103F-16F7-4668-BE54-9A1E7A4F7556}") = "Assign1", "Assign1.csproj", "{62073CEB-DDBC-4508-9088-F2C281DDA95D}"
EndProject
Global
	GlobalSection(SolutionConfigurationPlatforms) = preSolution
		Debug|Any CPU = Debug|Any CPU
		Release|Any CPU = Release|Any CPU
	EndGlobalSection
	GlobalSection(ProjectConfigurationPlatforms) = postSolution
		{62073CEB-DDBC-4508-9088-F2C281DDA95D}.Debug|Any CPU.ActiveCfg = Debug|Any CPU
		{62073CEB-DDBC-4508-9088-F2C281DDA95D}.Debug|Any CPU.Build.0 = Debug|Any CPU
		{62073CEB-DDBC-4508-9088-F2C281DDA95D}.Release|Any CPU.ActiveCfg = Release|Any CPU
		{62073CEB-DDBC-4508-9088-F2C281DDA95D}.Release|Any CPU.Build.0 = Release|Any CPU
	EndGlobalSection
	GlobalSection(SolutionProperties) = preSolution
		HideSolutionNode = FALSE
	EndGlobalSection
	GlobalSection(ExtensibilityGlobals) = postSolution
		SolutionGuid = {84DF5E55-10CD-425D-BE36-D5271C8515AC}
	EndGlobalSection
EndGlobal
